
Microsoft Visual Studio Solution File, Format Version 12.00
# Visual Studio Version 17
VisualStudioVersion = 17.9.34723.18
MinimumVisualStudioVersion = 10.0.40219.1
Project("{FAE04EC0-301F-11D3-BF4B-00C04F79EFBC}") = "static-json-generator", "static-json-generator.csproj", "{A73CDBD1-CDB7-4F4A-AA9B-14F20EADD6D7}"
EndProject
Project("{FAE04EC0-301F-11D3-BF4B-00C04F79EFBC}") = "static-json-generator.tests", "..\static-json-generator.tests\static-json-generator.tests.csproj", "{51E9ECEC-B2ED-41E1-952F-B31ED4725252}"
EndProject
Global
	GlobalSection(SolutionConfigurationPlatforms) = preSolution
		Debug|Any CPU = Debug|Any CPU
		Release|Any CPU = Release|Any CPU
	EndGlobalSection
	GlobalSection(ProjectConfigurationPlatforms) = postSolution
		{A73CDBD1-CDB7-4F4A-AA9B-14F20EADD6D7}.Debug|Any CPU.ActiveCfg = Debug|Any CPU
		{A73CDBD1-CDB7-4F4A-AA9B-14F20EADD6D7}.Debug|Any CPU.Build.0 = Debug|Any CPU
		{A73CDBD1-CDB7-4F4A-AA9B-14F20EADD6D7}.Release|Any CPU.ActiveCfg = Release|Any CPU
		{A73CDBD1-CDB7-4F4A-AA9B-14F20EADD6D7}.Release|Any CPU.Build.0 = Release|Any CPU
		{51E9ECEC-B2ED-41E1-952F-B31ED4725252}.Debug|Any CPU.ActiveCfg = Debug|Any CPU
		{51E9ECEC-B2ED-41E1-952F-B31ED4725252}.Debug|Any CPU.Build.0 = Debug|Any CPU
		{51E9ECEC-B2ED-41E1-952F-B31ED4725252}.Release|Any CPU.ActiveCfg = Release|Any CPU
		{51E9ECEC-B2ED-41E1-952F-B31ED4725252}.Release|Any CPU.Build.0 = Release|Any CPU
	EndGlobalSection
	GlobalSection(SolutionProperties) = preSolution
		HideSolutionNode = FALSE
	EndGlobalSection
	GlobalSection(ExtensibilityGlobals) = postSolution
		SolutionGuid = {4CAADB51-9DD6-4EA3-AA80-B4E5353673A9}
	EndGlobalSection
EndGlobal
